
Microsoft Visual Studio Solution File, Format Version 12.00
# Visual Studio Version 17
VisualStudioVersion = 17.0.32126.317
MinimumVisualStudioVersion = 10.0.40219.1
Project("{FAE04EC0-301F-11D3-BF4B-00C04F79EFBC}") = "LinqSqlProject", "LinqSqlProject\LinqSqlProject.csproj", "{C280C88F-341D-4385-BDAC-991102249CBF}"
EndProject
Global
	GlobalSection(SolutionConfigurationPlatforms) = preSolution
		Debug|Any CPU = Debug|Any CPU
		Release|Any CPU = Release|Any CPU
	EndGlobalSection
	GlobalSection(ProjectConfigurationPlatforms) = postSolution
		{C280C88F-341D-4385-BDAC-991102249CBF}.Debug|Any CPU.ActiveCfg = Debug|Any CPU
		{C280C88F-341D-4385-BDAC-991102249CBF}.Debug|Any CPU.Build.0 = Debug|Any CPU
		{C280C88F-341D-4385-BDAC-991102249CBF}.Release|Any CPU.ActiveCfg = Release|Any CPU
		{C280C88F-341D-4385-BDAC-991102249CBF}.Release|Any CPU.Build.0 = Release|Any CPU
	EndGlobalSection
	GlobalSection(SolutionProperties) = preSolution
		HideSolutionNode = FALSE
	EndGlobalSection
	GlobalSection(ExtensibilityGlobals) = postSolution
		SolutionGuid = {35999CB1-CC8D-45D9-9C4A-A4BF92DEFB31}
	EndGlobalSection
EndGlobal
